
Microsoft Visual Studio Solution File, Format Version 12.00
# Visual Studio Version 16
VisualStudioVersion = 16.0.32510.428
MinimumVisualStudioVersion = 10.0.40219.1
Project("{FAE04EC0-301F-11D3-BF4B-00C04F79EFBC}") = "JUSTICIA", "JUSTICIA.csproj", "{4DC69024-AE6B-434C-B875-B427B3886B4C}"
EndProject
Global
	GlobalSection(SolutionConfigurationPlatforms) = preSolution
		Debug|Any CPU = Debug|Any CPU
		Release|Any CPU = Release|Any CPU
	EndGlobalSection
	GlobalSection(ProjectConfigurationPlatforms) = postSolution
		{4DC69024-AE6B-434C-B875-B427B3886B4C}.Debug|Any CPU.ActiveCfg = Debug|Any CPU
		{4DC69024-AE6B-434C-B875-B427B3886B4C}.Debug|Any CPU.Build.0 = Debug|Any CPU
		{4DC69024-AE6B-434C-B875-B427B3886B4C}.Release|Any CPU.ActiveCfg = Release|Any CPU
		{4DC69024-AE6B-434C-B875-B427B3886B4C}.Release|Any CPU.Build.0 = Release|Any CPU
	EndGlobalSection
	GlobalSection(SolutionProperties) = preSolution
		HideSolutionNode = FALSE
	EndGlobalSection
	GlobalSection(ExtensibilityGlobals) = postSolution
		SolutionGuid = {03C51C19-279D-43EF-9071-DFA29A17DF87}
	EndGlobalSection
EndGlobal
